version = 1
revision = 3
requires-python = ">=3.14"

[[package]]
name = "anyio"
version = "4.12.1"
source = { registry = "https://pypi.org/simple" }
dependencies = [
    { name = "idna" },
]
sdist = { url = "https://files.pythonhosted.org/packages/96/f0/5eb65b2bb0d09ac6776f2eb54adee6abe8228ea05b20a5ad0e4945de8aac/anyio-4.12.1.tar.gz", hash = "sha256:41cfcc3a4c85d3f05c932da7c26d0201ac36f72abd4435ba90d0464a3ffed703", size = 228685, upload-time = "2026-01-06T11:45:21.246Z" }
wheels = [
    { url = "https://files.pythonhosted.org/packages/38/0e/27be9fdef66e72d64c0cdc3cc2823101b80585f8119b5c112c2e8f5f7dab/anyio-4.12.1-py3-none-any.whl", hash = "sha256:d405828884fc140aa80a3c667b8beed277f1dfedec42ba031bd6ac3db606ab6c", size = 113592, upload-time = "2026-01-06T11:45:19.497Z" },
]

[[package]]
name = "certifi"
version = "2026.2.25"
source = { registry = "https://pypi.org/simple" }
sdist = { url = "https://files.pythonhosted.org/packages/af/2d/7bf41579a8986e348fa033a31cdd0e4121114f6bce2457e8876010b092dd/certifi-2026.2.25.tar.gz", hash = "sha256:e887ab5cee78ea814d3472169153c2d12cd43b14bd03329a39a9c6e2e80bfba7", size = 155029, upload-time = "2026-02-25T02:54:17.342Z" }
wheels = [
    { url = "https://files.pythonhosted.org/packages/9a/3c/c17fb3ca2d9c3acff52e30b309f538586f9f5b9c9cf454f3845fc9af4881/certifi-2026.2.25-py3-none-any.whl", hash = "sha256:027692e4402ad994f1c42e52a4997a9763c646b73e4096e4d5d6db8af1d6f0fa", size = 153684, upload-time = "2026-02-25T02:54:15.766Z" },
]

[[package]]
name = "click"
version = "8.3.1"
source = { registry = "https://pypi.org/simple" }
dependencies = [
    { name = "colorama", marker = "sys_platform == 'win32'" },
]
sdist = { url = "https://files.pythonhosted.org/packages/3d/fa/656b739db8587d7b5dfa22e22ed02566950fbfbcdc20311993483657a5c0/click-8.3.1.tar.gz", hash = "sha256:12ff4785d337a1bb490bb7e9c2b1ee5da3112e94a8622f26a6c77f5d2fc6842a", size = 295065, upload-time = "2025-11-15T20:45:42.706Z" }
wheels = [
    { url = "https://files.pythonhosted.org/packages/98/78/01c019cdb5d6498122777c1a43056ebb3ebfeef2076d9d026bfe15583b2b/click-8.3.1-py3-none-any.whl", hash = "sha256:981153a64e25f12d547d3426c367a4857371575ee7ad18df2a6183ab0545b2a6", size = 108274, upload-time = "2025-11-15T20:45:41.139Z" },
]

[[package]]
name = "colorama"
version = "0.4.6"
source = { registry = "https://pypi.org/simple" }
sdist = { url = "https://files.pythonhosted.org/packages/d8/53/6f443c9a4a8358a93a6792e2acffb9d9d5cb0a5cfd8802644b7b1c9a02e4/colorama-0.4.6.tar.gz", hash = "sha256:08695f5cb7ed6e0531a20572697297273c47b8cae5a63ffc6d6ed5c201be6e44", size = 27697, upload-time = "2022-10-25T02:36:22.414Z" }
wheels = [
    { url = "https://files.pythonhosted.org/packages/d1/d6/3965ed04c63042e047cb6a3e6ed1a63a35087b6a609aa3a15ed8ac56c221/colorama-0.4.6-py2.py3-none-any.whl", hash = "sha256:4f1d9991f5acc0ca119f9d443620b77f9d6b33703e51011c16baf57afb285fc6", size = 25335, upload-time = "2022-10-25T02:36:20.889Z" },
]

[[package]]
name = "ddgs"
version = "9.14.1"
source = { registry = "https://pypi.org/simple" }
dependencies = [
    { name = "click" },
    { name = "lxml" },
    { name = "primp" },
]
sdist = { url = "https://files.pythonhosted.org/packages/c9/f2/aa1f5af106ea0ef0351d11a2fe05d28618463160137326eeb3073b7d788b/ddgs-9.14.1.tar.gz", hash = "sha256:85b878225a622ba145aff33c0f2f0dceb90d6cfaa291af253021d10cb261a8bb", size = 57157, upload-time = "2026-04-20T12:09:21.313Z" }
wheels = [
    { url = "https://files.pythonhosted.org/packages/4f/a0/c0b568acd6ec819ec94ecfd4eebd00edc855efab06e589ad17d0412ff4ce/ddgs-9.14.1-py3-none-any.whl", hash = "sha256:e6b853be092532add9c0d611c4b121f0b27092de66756401057c2100f6b1ab44", size = 67019, upload-time = "2026-04-20T12:09:19.867Z" },
]

[[package]]
name = "h11"
version = "0.16.0"
source = { registry = "https://pypi.org/simple" }
sdist = { url = "https://files.pythonhosted.org/packages/01/ee/02a2c011bdab74c6fb3c75474d40b3052059d95df7e73351460c8588d963/h11-0.16.0.tar.gz", hash = "sha256:4e35b956cf45792e4caa5885e69fba00bdbc6ffafbfa020300e549b208ee5ff1", size = 101250, upload-time = "2025-04-24T03:35:25.427Z" }
wheels = [
    { url = "https://files.pythonhosted.org/packages/04/4b/29cac41a4d98d144bf5f6d33995617b185d14b22401f75ca86f384e87ff1/h11-0.16.0-py3-none-any.whl", hash = "sha256:63cf8bbe7522de3bf65932fda1d9c2772064ffb3dae62d55932da54b31cb6c86", size = 37515, upload-time = "2025-04-24T03:35:24.344Z" },
]

[[package]]
name = "httpcore"
version = "1.0.9"
source = { registry = "https://pypi.org/simple" }
dependencies = [
    { name = "certifi" },
    { name = "h11" },
]
sdist = { url = "https://files.pythonhosted.org/packages/06/94/82699a10bca87a5556c9c59b5963f2d039dbd239f25bc2a63907a05a14cb/httpcore-1.0.9.tar.gz", hash = "sha256:6e34463af53fd2ab5d807f399a9b45ea31c3dfa2276f15a2c3f00afff6e176e8", size = 85484, upload-time = "2025-04-24T22:06:22.219Z" }
wheels = [
    { url = "https://files.pythonhosted.org/packages/7e/f5/f66802a942d491edb555dd61e3a9961140fd64c90bce1eafd741609d334d/httpcore-1.0.9-py3-none-any.whl", hash = "sha256:2d400746a40668fc9dec9810239072b40b4484b640a8c38fd654a024c7a1bf55", size = 78784, upload-time = "2025-04-24T22:06:20.566Z" },
]

[[package]]
name = "httpx"
version = "0.28.1"
source = { registry = "https://pypi.org/simple" }
dependencies = [
    { name = "anyio" },
    { name = "certifi" },
    { name = "httpcore" },
    { name = "idna" },
]
sdist = { url = "https://files.pythonhosted.org/packages/b1/df/48c586a5fe32a0f01324ee087459e112ebb7224f646c0b5023f5e79e9956/httpx-0.28.1.tar.gz", hash = "sha256:75e98c5f16b0f35b567856f597f06ff2270a374470a5c2392242528e3e3e42fc", size = 141406, upload-time = "2024-12-06T15:37:23.222Z" }
wheels = [
    { url = "https://files.pythonhosted.org/packages/2a/39/e50c7c3a983047577ee07d2a9e53faf5a69493943ec3f6a384bdc792deb2/httpx-0.28.1-py3-none-any.whl", hash = "sha256:d909fcccc110f8c7faf814ca82a9a4d816bc5a6dbfea25d6591d6985b8ba59ad", size = 73517, upload-time = "2024-12-06T15:37:21.509Z" },
]

[[package]]
name = "idna"
version = "3.11"
source = { registry = "https://pypi.org/simple" }
sdist = { url = "https://files.pythonhosted.org/packages/6f/6d/0703ccc57f3a7233505399edb88de3cbd678da106337b9fcde432b65ed60/idna-3.11.tar.gz", hash = "sha256:795dafcc9c04ed0c1fb032c2aa73654d8e8c5023a7df64a53f39190ada629902", size = 194582, upload-time = "2025-10-12T14:55:20.501Z" }
wheels = [
    { url = "https://files.pythonhosted.org/packages/0e/61/66938bbb5fc52dbdf84594873d5b51fb1f7c7794e9c0f5bd885f30bc507b/idna-3.11-py3-none-any.whl", hash = "sha256:771a87f49d9defaf64091e6e6fe9c18d4833f140bd19464795bc32d966ca37ea", size = 71008, upload-time = "2025-10-12T14:55:18.883Z" },
]

[[package]]
name = "iniconfig"
version = "2.3.0"
source = { registry = "https://pypi.org/simple" }
sdist = { url = "https://files.pythonhosted.org/packages/72/34/14ca021ce8e5dfedc35312d08ba8bf51fdd999c576889fc2c24cb97f4f10/iniconfig-2.3.0.tar.gz", hash = "sha256:c76315c77db068650d49c5b56314774a7804df16fee4402c1f19d6d15d8c4730", size = 20503, upload-time = "2025-10-18T21:55:43.219Z" }
wheels = [
    { url = "https://files.pythonhosted.org/packages/cb/b1/3846dd7f199d53cb17f49cba7e651e9ce294d8497c8c150530ed11865bb8/iniconfig-2.3.0-py3-none-any.whl", hash = "sha256:f631c04d2c48c52b84d0d0549c99ff3859c98df65b3101406327ecc7d53fbf12", size = 7484, upload-time = "2025-10-18T21:55:41.639Z" },
]

[[package]]
name = "lxml"
version = "6.1.0"
source = { registry = "https://pypi.org/simple" }
sdist = { url = "https://files.pythonhosted.org/packages/28/30/9abc9e34c657c33834eaf6cd02124c61bdf5944d802aa48e69be8da3585d/lxml-6.1.0.tar.gz", hash = "sha256:bfd57d8008c4965709a919c3e9a98f76c2c7cb319086b3d26858250620023b13", size = 4197006, upload-time = "2026-04-18T04:32:51.613Z" }
wheels = [
    { url = "https://files.pythonhosted.org/packages/eb/45/cee4cf203ef0bab5c52afc118da61d6b460c928f2893d40023cfa27e0b80/lxml-6.1.0-cp314-cp314-macosx_10_15_universal2.whl", hash = "sha256:ab863fd37458fed6456525f297d21239d987800c46e67da5ef04fc6b3dd93ac8", size = 8576713, upload-time = "2026-04-18T04:32:06.831Z" },
    { url = "https://files.pythonhosted.org/packages/8a/a7/eda05babeb7e046839204eaf254cd4d7c9130ce2bbf0d9e90ea41af5654d/lxml-6.1.0-cp314-cp314-macosx_10_15_x86_64.whl", hash = "sha256:6fd8b1df8254ff4fd93fd31da1fc15770bde23ac045be9bb1f87425702f61cc9", size = 4623874, upload-time = "2026-04-18T04:32:10.755Z" },
    { url = "https://files.pythonhosted.org/packages/e7/e9/db5846de9b436b91890a62f29d80cd849ea17948a49bf532d5278ee69a9e/lxml-6.1.0-cp314-cp314-manylinux2014_aarch64.manylinux_2_17_aarch64.whl", hash = "sha256:47024feaae386a92a146af0d2aeed65229bf6fff738e6a11dda6b0015fb8fd03", size = 4949535, upload-time = "2026-04-18T04:34:06.657Z" },
    { url = "https://files.pythonhosted.org/packages/5a/ba/0d3593373dcae1d68f40dc3c41a5a92f2544e68115eb2f62319a4c2a6500/lxml-6.1.0-cp314-cp314-manylinux2014_x86_64.manylinux_2_17_x86_64.whl", hash = "sha256:3f00972f84450204cd5d93a5395965e348956aaceaadec693a22ec743f8ae3eb", size = 5086881, upload-time = "2026-04-18T04:34:09.556Z" },
    { url = "https://files.pythonhosted.org/packages/43/76/759a7484539ad1af0d125a9afe9c3fb5f82a8779fd1f5f56319d9e4ea2fd/lxml-6.1.0-cp314-cp314-manylinux_2_26_aarch64.manylinux_2_28_aarch64.whl", hash = "sha256:97faa0860e13b05b15a51fb4986421ef7a30f0b3334061c416e0981e9450ca4c", size = 5031305, upload-time = "2026-04-18T04:34:12.336Z" },
    { url = "https://files.pythonhosted.org/packages/dc/b9/c1f0daf981a11e47636126901fd4ab82429e18c57aeb0fc3ad2940b42d8b/lxml-6.1.0-cp314-cp314-manylinux_2_26_ppc64le.manylinux_2_28_ppc64le.whl", hash = "sha256:972a6451204798675407beaad97b868d0c733d9a74dafefc63120b81b8c2de28", size = 5647522, upload-time = "2026-04-18T04:34:14.89Z" },
    { url = "https://files.pythonhosted.org/packages/31/e6/1f533dcd205275363d9ba3511bcec52fa2df86abf8abe6a5f2c599f0dc31/lxml-6.1.0-cp314-cp314-manylinux_2_26_x86_64.manylinux_2_28_x86_64.whl", hash = "sha256:fe022f20bc4569ec66b63b3fb275a3d628d9d32da6326b2982584104db6d3086", size = 5239310, upload-time = "2026-04-18T04:34:17.652Z" },
    { url = "https://files.pythonhosted.org/packages/c3/8c/4175fb709c78a6e315ed814ed33be3defd8b8721067e70419a6cf6f971da/lxml-6.1.0-cp314-cp314-manylinux_2_28_i686.whl", hash = "sha256:75c4c7c619a744f972f4451bf5adf6d0fb00992a1ffc9fd78e13b0bc817cc99f", size = 5350799, upload-time = "2026-04-18T04:34:20.529Z" },
    { url = "https://files.pythonhosted.org/packages/fd/77/6ffdebc5994975f0dde4acb59761902bd9d9bb84422b9a0bd239a7da9ca8/lxml-6.1.0-cp314-cp314-manylinux_2_31_armv7l.whl", hash = "sha256:3648f20d25102a22b6061c688beb3a805099ea4beb0a01ce62975d926944d292", size = 4697693, upload-time = "2026-04-18T04:34:23.541Z" },
    { url = "https://files.pythonhosted.org/packages/f8/f1/565f36bd5c73294602d48e04d23f81ff4c8736be6ba5e1d1ec670ac9be80/lxml-6.1.0-cp314-cp314-manylinux_2_38_riscv64.manylinux_2_39_riscv64.whl", hash = "sha256:77b9f99b17cbf14026d1e618035077060fc7195dd940d025149f3e2e830fbfcb", size = 5250708, upload-time = "2026-04-18T04:34:26.001Z" },
    { url = "https://files.pythonhosted.org/packages/5a/11/a68ab9dd18c5c499404deb4005f4bc4e0e88e5b72cd755ad96efec81d18d/lxml-6.1.0-cp314-cp314-musllinux_1_2_aarch64.whl", hash = "sha256:32662519149fd7a9db354175aa5e417d83485a8039b8aaa62f873ceee7ea4cad", size = 5084737, upload-time = "2026-04-18T04:34:28.32Z" },
    { url = "https://files.pythonhosted.org/packages/ab/78/e8f41e2c74f4af564e6a0348aea69fb6daaefa64bc071ef469823d22cc18/lxml-6.1.0-cp314-cp314-musllinux_1_2_armv7l.whl", hash = "sha256:73d658216fc173cf2c939e90e07b941c5e12736b0bf6a99e7af95459cfe8eabb", size = 4737817, upload-time = "2026-04-18T04:34:30.784Z" },
    { url = "https://files.pythonhosted.org/packages/06/2d/aa4e117aa2ce2f3b35d9ff246be74a2f8e853baba5d2a92c64744474603a/lxml-6.1.0-cp314-cp314-musllinux_1_2_ppc64le.whl", hash = "sha256:ac4db068889f8772a4a698c5980ec302771bb545e10c4b095d4c8be26749616f", size = 5670753, upload-time = "2026-04-18T04:34:33.675Z" },
    { url = "https://files.pythonhosted.org/packages/08/f5/dd745d50c0409031dbfcc4881740542a01e54d6f0110bd420fa7782110b8/lxml-6.1.0-cp314-cp314-musllinux_1_2_riscv64.whl", hash = "sha256:45e9dfbd1b661eb64ba0d4dbe762bd210c42d86dd1e5bd2bdf89d634231beb43", size = 5238071, upload-time = "2026-04-18T04:34:36.12Z" },
    { url = "https://files.pythonhosted.org/packages/3e/74/ad424f36d0340a904665867dab310a3f1f4c96ff4039698de83b77f44c1f/lxml-6.1.0-cp314-cp314-musllinux_1_2_x86_64.whl", hash = "sha256:89e8d73d09ac696a5ba42ec69787913d53284f12092f651506779314f10ba585", size = 5264319, upload-time = "2026-04-18T04:34:39.035Z" },
    { url = "https://files.pythonhosted.org/packages/53/36/a15d8b3514ec889bfd6aa3609107fcb6c9189f8dc347f1c0b81eded8d87c/lxml-6.1.0-cp314-cp314-win32.whl", hash = "sha256:ebe33f4ec1b2de38ceb225a1749a2965855bffeef435ba93cd2d5d540783bf2f", size = 3657139, upload-time = "2026-04-18T04:32:20.006Z" },
    { url = "https://files.pythonhosted.org/packages/1a/a4/263ebb0710851a3c6c937180a9a86df1206fdfe53cc43005aa2237fd7736/lxml-6.1.0-cp314-cp314-win_amd64.whl", hash = "sha256:398443df51c538bd578529aa7e5f7afc6c292644174b47961f3bf87fe5741120", size = 4064195, upload-time = "2026-04-18T04:32:23.876Z" },
    { url = "https://files.pythonhosted.org/packages/80/68/2000f29d323b6c286de077ad20b429fc52272e44eae6d295467043e56012/lxml-6.1.0-cp314-cp314-win_arm64.whl", hash = "sha256:8c8984e1d8c4b3949e419158fda14d921ff703a9ed8a47236c6eb7a2b6cb4946", size = 3741870, upload-time = "2026-04-18T04:32:27.922Z" },
    { url = "https://files.pythonhosted.org/packages/30/e9/21383c7c8d43799f0da90224c0d7c921870d476ec9b3e01e1b2c0b8237c5/lxml-6.1.0-cp314-cp314t-macosx_10_15_universal2.whl", hash = "sha256:1081dd10bc6fa437db2500e13993abf7cc30716d0a2f40e65abb935f02ec559c", size = 8827548, upload-time = "2026-04-18T04:32:15.094Z" },
    { url = "https://files.pythonhosted.org/packages/a5/01/c6bc11cd587030dd4f719f65c5657960649fe3e19196c844c75bf32cd0d6/lxml-6.1.0-cp314-cp314t-macosx_10_15_x86_64.whl", hash = "sha256:dabecc48db5f42ba348d1f5d5afdc54c6c4cc758e676926c7cd327045749517d", size = 4735866, upload-time = "2026-04-18T04:32:18.924Z" },
    { url = "https://files.pythonhosted.org/packages/f3/01/757132fff5f4acf25463b5298f1a46099f3a94480b806547b29ce5e385de/lxml-6.1.0-cp314-cp314t-manylinux2014_aarch64.manylinux_2_17_aarch64.whl", hash = "sha256:e3dd5fe19c9e0ac818a9c7f132a5e43c1339ec1cbbfecb1a938bd3a47875b7c9", size = 4969476, upload-time = "2026-04-18T04:34:41.889Z" },
    { url = "https://files.pythonhosted.org/packages/fd/fb/1bc8b9d27ed64be7c8903db6c89e74dc8c2cd9ec630a7462e4654316dc5b/lxml-6.1.0-cp314-cp314t-manylinux2014_x86_64.manylinux_2_17_x86_64.whl", hash = "sha256:9e7b0a4ca6dcc007a4cef00a761bba2dea959de4bd2df98f926b33c92ca5dfb9", size = 5103719, upload-time = "2026-04-18T04:34:44.797Z" },
    { url = "https://files.pythonhosted.org/packages/d5/e7/5bf82fa28133536a54601aae633b14988e89ed61d4c1eb6b899b023233aa/lxml-6.1.0-cp314-cp314t-manylinux_2_26_aarch64.manylinux_2_28_aarch64.whl", hash = "sha256:5d27bbe326c6b539c64b42638b18bc6003a8d88f76213a97ac9ed4f885efeab7", size = 5027890, upload-time = "2026-04-18T04:34:47.634Z" },
    { url = "https://files.pythonhosted.org/packages/2d/20/e048db5d4b4ea0366648aa595f26bb764b2670903fc585b87436d0a5032c/lxml-6.1.0-cp314-cp314t-manylinux_2_26_ppc64le.manylinux_2_28_ppc64le.whl", hash = "sha256:c4e425db0c5445ef0ad56b0eec54f89b88b2d884656e536a90b2f52aecb4ca86", size = 5596008, upload-time = "2026-04-18T04:34:51.503Z" },
    { url = "https://files.pythonhosted.org/packages/9a/c2/d10807bc8da4824b39e5bd01b5d05c077b6fd01bd91584167edf6b269d22/lxml-6.1.0-cp314-cp314t-manylinux_2_26_x86_64.manylinux_2_28_x86_64.whl", hash = "sha256:4b89b098105b8599dc57adac95d1813409ac476d3c948a498775d3d0c6124bfb", size = 5224451, upload-time = "2026-04-18T04:34:54.263Z" },
    { url = "https://files.pythonhosted.org/packages/3c/15/2ebea45bea427e7f0057e9ce7b2d62c5aba20c6b001cca89ed0aadb3ad41/lxml-6.1.0-cp314-cp314t-manylinux_2_28_i686.whl", hash = "sha256:c4a699432846df86cc3de502ee85f445ebad748a1c6021d445f3e514d2cd4b1c", size = 5312135, upload-time = "2026-04-18T04:34:56.818Z" },
    { url = "https://files.pythonhosted.org/packages/31/e2/87eeae151b0be2a308d49a7ec444ff3eb192b14251e62addb29d0bf3778f/lxml-6.1.0-cp314-cp314t-manylinux_2_31_armv7l.whl", hash = "sha256:30e7b2ed63b6c8e97cca8af048589a788ab5c9c905f36d9cf1c2bb549f450d2f", size = 4639126, upload-time = "2026-04-18T04:34:59.704Z" },
    { url = "https://files.pythonhosted.org/packages/a3/51/8a3f6a20902ad604dd746ec7b4000311b240d389dac5e9d95adefd349e0c/lxml-6.1.0-cp314-cp314t-manylinux_2_38_riscv64.manylinux_2_39_riscv64.whl", hash = "sha256:022981127642fe19866d2907d76241bb07ed21749601f727d5d5dd1ce5d1b773", size = 5232579, upload-time = "2026-04-18T04:35:02.658Z" },
    { url = "https://files.pythonhosted.org/packages/6d/d2/650d619bdbe048d2c3f2c31edb00e35670a5e2d65b4fe3b61bce37b19121/lxml-6.1.0-cp314-cp314t-musllinux_1_2_aarch64.whl", hash = "sha256:23cad0cc86046d4222f7f418910e46b89971c5a45d3c8abfad0f64b7b05e4a9b", size = 5084206, upload-time = "2026-04-18T04:35:05.175Z" },
    { url = "https://files.pythonhosted.org/packages/dd/8a/672ca1a3cbeabd1f511ca275a916c0514b747f4b85bdaae103b8fa92f307/lxml-6.1.0-cp314-cp314t-musllinux_1_2_armv7l.whl", hash = "sha256:21c3302068f50d1e8728c67c87ba92aa87043abee517aa2576cca1855326b405", size = 4758906, upload-time = "2026-04-18T04:35:08.098Z" },
    { url = "https://files.pythonhosted.org/packages/be/f1/ef4b691da85c916cb2feb1eec7414f678162798ac85e042fa164419ac05c/lxml-6.1.0-cp314-cp314t-musllinux_1_2_ppc64le.whl", hash = "sha256:be10838781cb3be19251e276910cd508fe127e27c3242e50521521a0f3781690", size = 5620553, upload-time = "2026-04-18T04:35:11.23Z" },
    { url = "https://files.pythonhosted.org/packages/59/17/94e81def74107809755ac2782fdad4404420f1c92ca83433d117a6d5acf0/lxml-6.1.0-cp314-cp314t-musllinux_1_2_riscv64.whl", hash = "sha256:2173a7bffe97667bbf0767f8a99e587740a8c56fdf3befac4b09cb29a80276fd", size = 5229458, upload-time = "2026-04-18T04:35:14.254Z" },
    { url = "https://files.pythonhosted.org/packages/21/55/c4be91b0f830a871fc1b0d730943d56013b683d4671d5198260e2eae722b/lxml-6.1.0-cp314-cp314t-musllinux_1_2_x86_64.whl", hash = "sha256:c6854e9cf99c84beb004eecd7d3a3868ef1109bf2b1df92d7bc11e96a36c2180", size = 5247861, upload-time = "2026-04-18T04:35:17.006Z" },
    { url = "https://files.pythonhosted.org/packages/c2/ca/77123e4d77df3cb1e968ade7b1f808f5d3a5c1c96b18a33895397de292c1/lxml-6.1.0-cp314-cp314t-win32.whl", hash = "sha256:00750d63ef0031a05331b9223463b1c7c02b9004cef2346a5b2877f0f9494dd2", size = 3897377, upload-time = "2026-04-18T04:32:07.656Z" },
    { url = "https://files.pythonhosted.org/packages/64/ce/3554833989d074267c063209bae8b09815e5656456a2d332b947806b05ff/lxml-6.1.0-cp314-cp314t-win_amd64.whl", hash = "sha256:80410c3a7e3c617af04de17caa9f9f20adaa817093293d69eae7d7d0522836f5", size = 4392701, upload-time = "2026-04-18T04:32:12.113Z" },
    { url = "https://files.pythonhosted.org/packages/2b/a0/9b916c68c0e57752c07f8f64b30138d9d4059dbeb27b90274dedbea128ff/lxml-6.1.0-cp314-cp314t-win_arm64.whl", hash = "sha256:26dd9f57ee3bd41e7d35b4c98a2ffd89ed11591649f421f0ec19f67d50ec67ac", size = 3817120, upload-time = "2026-04-18T04:32:15.803Z" },
]

[[package]]
name = "packaging"
version = "26.0"
source = { registry = "https://pypi.org/simple" }
sdist = { url = "https://files.pythonhosted.org/packages/65/ee/299d360cdc32edc7d2cf530f3accf79c4fca01e96ffc950d8a52213bd8e4/packaging-26.0.tar.gz", hash = "sha256:00243ae351a257117b6a241061796684b084ed1c516a08c48a3f7e147a9d80b4", size = 143416, upload-time = "2026-01-21T20:50:39.064Z" }
wheels = [
    { url = "https://files.pythonhosted.org/packages/b7/b9/c538f279a4e237a006a2c98387d081e9eb060d203d8ed34467cc0f0b9b53/packaging-26.0-py3-none-any.whl", hash = "sha256:b36f1fef9334a5588b4166f8bcd26a14e521f2b55e6b9de3aaa80d3ff7a37529", size = 74366, upload-time = "2026-01-21T20:50:37.788Z" },
]

[[package]]
name = "panda"
version = "0.1.0"
source = { virtual = "." }
dependencies = [
    { name = "ddgs" },
    { name = "httpx" },
    { name = "python-dotenv" },
    { name = "python-telegram-bot" },
    { name = "pyyaml" },
]

[package.dev-dependencies]
dev = [
    { name = "pytest" },
    { name = "pytest-asyncio" },
    { name = "ruff" },
]

[package.metadata]
requires-dist = [
    { name = "ddgs", specifier = ">=9.0.0" },
    { name = "httpx", specifier = ">=0.28.1" },
    { name = "python-dotenv", specifier = ">=1.2.2" },
    { name = "python-telegram-bot", specifier = ">=22.6" },
    { name = "pyyaml", specifier = ">=6.0" },
]

[package.metadata.requires-dev]
dev = [
    { name = "pytest", specifier = ">=9.0.2" },
    { name = "pytest-asyncio", specifier = ">=0.25.0" },
    { name = "ruff", specifier = ">=0.15.5" },
]

[[package]]
name = "pluggy"
version = "1.6.0"
source = { registry = "https://pypi.org/simple" }
sdist = { url = "https://files.pythonhosted.org/packages/f9/e2/3e91f31a7d2b083fe6ef3fa267035b518369d9511ffab804f839851d2779/pluggy-1.6.0.tar.gz", hash = "sha256:7dcc130b76258d33b90f61b658791dede3486c3e6bfb003ee5c9bfb396dd22f3", size = 69412, upload-time = "2025-05-15T12:30:07.975Z" }
wheels = [
    { url = "https://files.pythonhosted.org/packages/54/20/4d324d65cc6d9205fabedc306948156824eb9f0ee1633355a8f7ec5c66bf/pluggy-1.6.0-py3-none-any.whl", hash = "sha256:e920276dd6813095e9377c0bc5566d94c932c33b27a3e3945d8389c374dd4746", size = 20538, upload-time = "2025-05-15T12:30:06.134Z" },
]

[[package]]
name = "primp"
version = "1.2.3"
source = { registry = "https://pypi.org/simple" }
sdist = { url = "https://files.pythonhosted.org/packages/ee/ca/383bdf0df3dc87b60bf73c55da526ac743d42c5155a84a9014775b895e96/primp-1.2.3.tar.gz", hash = "sha256:a531b01f57cb59e3e7a3a2b526bb151b61dc7b2e15d2f6961615a553632e2889", size = 1342866, upload-time = "2026-04-20T08:34:09.018Z" }
wheels = [
    { url = "https://files.pythonhosted.org/packages/b6/b1/05bb7e00bd17a439aae7ed49b0c0834508e3ce50624dfa43c6dcb8b71bd0/primp-1.2.3-cp310-abi3-macosx_10_12_x86_64.whl", hash = "sha256:e96d6ab40fba41039947dad0fcc42b0b56b67180883e526715720bb2d90f3bfc", size = 4360352, upload-time = "2026-04-20T08:33:52.785Z" },
    { url = "https://files.pythonhosted.org/packages/7e/db/8bb1e4b6bb715f606b53793831e7910aebeb40169e439138e9124686820a/primp-1.2.3-cp310-abi3-macosx_11_0_arm64.whl", hash = "sha256:42f28679916ce080e643e7464786abeb659c8062c0f74bb411918c7f07e5b806", size = 4035926, upload-time = "2026-04-20T08:34:06.348Z" },
    { url = "https://files.pythonhosted.org/packages/45/91/52b5e6d840be4d5a8f689d9ba82dd616c67e29e3e1d13baf6a4c9be3f4b3/primp-1.2.3-cp310-abi3-manylinux_2_17_aarch64.manylinux2014_aarch64.whl", hash = "sha256:643d47cf24962331ad2b049d6bb4329dce6b18a0914490dbf09541cb38596d39", size = 4309649, upload-time = "2026-04-20T08:34:01.369Z" },
    { url = "https://files.pythonhosted.org/packages/40/85/d98e20104429bb8393939396c2317ec6163a83d856b1fe555bf5f021e97a/primp-1.2.3-cp310-abi3-manylinux_2_17_armv7l.manylinux2014_armv7l.whl", hash = "sha256:898a12b44af9aed20c10fd4b497314731e9f6dcab20f4aa64cf118f79df17fa0", size = 3910331, upload-time = "2026-04-20T08:33:37.294Z" },
    { url = "https://files.pythonhosted.org/packages/8e/c7/53f11e2e2fe758830f6f208cef5bd3d0ecc6f538c0a2ca8e15a1fa502bd1/primp-1.2.3-cp310-abi3-manylinux_2_17_i686.manylinux2014_i686.whl", hash = "sha256:d4bdf2b164c2908f7bdc845215dd21ebded1f2f43e9e9ae2d9a961ea56e5cb87", size = 4152054, upload-time = "2026-04-20T08:33:56.193Z" },
    { url = "https://files.pythonhosted.org/packages/0c/5a/48e8f985daeeb58c7f1789bb6748d9aba250ea3541d787bcbcb1243abfd3/primp-1.2.3-cp310-abi3-manylinux_2_17_ppc64le.manylinux2014_ppc64le.whl", hash = "sha256:036884d4c6c866c93a88e591e49f67ed160f6a9d98c779fc652cce63de62996a", size = 4443286, upload-time = "2026-04-20T08:34:07.782Z" },
    { url = "https://files.pythonhosted.org/packages/5e/81/42b32337bd8c7b7b8184a1fcd79fd51d4773427553a8d2036eb0a93a137d/primp-1.2.3-cp310-abi3-manylinux_2_17_s390x.manylinux2014_s390x.whl", hash = "sha256:bfc695c20f5c6e345abc3262bef3c246a571986db5cea73bdc41db6b166066c8", size = 4323757, upload-time = "2026-04-20T08:33:43.807Z" },
    { url = "https://files.pythonhosted.org/packages/37/43/9ee78c283cbca7fcd635c2a9bb5633aa6568b1925958017e1a979fffe56c/primp-1.2.3-cp310-abi3-manylinux_2_17_x86_64.manylinux2014_x86_64.whl", hash = "sha256:13255b0826c60681478c787fbe29cfc773caf6242390fee047dac0f23f6e8c11", size = 4525772, upload-time = "2026-04-20T08:33:45.427Z" },
    { url = "https://files.pythonhosted.org/packages/c5/41/f10164485d84145a1ea18c7966d1ee098d1790b2088b7f122570463b7d5c/primp-1.2.3-cp310-abi3-musllinux_1_2_aarch64.whl", hash = "sha256:9bc40f94c8e58444befaf7e78b8aadd96e94e32789dadbe4a03785db772aa4dc", size = 4471705, upload-time = "2026-04-20T08:33:54.317Z" },
    { url = "https://files.pythonhosted.org/packages/18/a2/5328d66dd8f63bacfc9ef0e1e5fde66b2bb43103108fe8f01dcb2d2f0e50/primp-1.2.3-cp310-abi3-musllinux_1_2_armv7l.whl", hash = "sha256:2e0e8e245113ab3c9fd4b36014b3a04869cf08f72e8e7f36c4f5ef46d26da090", size = 4148309, upload-time = "2026-04-20T08:33:31.609Z" },
    { url = "https://files.pythonhosted.org/packages/c9/86/4d000d3ee341e5f1e73d81fb2c84e985f23b343a1aa4234c40987ec6eae7/primp-1.2.3-cp310-abi3-musllinux_1_2_i686.whl", hash = "sha256:3bb50934b5e209e7da4876d3419ebc23d1425fe6f089c0cd95382d21bd8a39bd", size = 4276881, upload-time = "2026-04-20T08:33:34.414Z" },
    { url = "https://files.pythonhosted.org/packages/22/f5/50acc3e349d22044abf4ed7c2abaaba11a01b9ccb6a7d66a3fbc2275c590/primp-1.2.3-cp310-abi3-musllinux_1_2_x86_64.whl", hash = "sha256:b293f13078afee9d41b74c77d05a5eaeb57dfab5110648dd24bc3fb3c750a05c", size = 4775229, upload-time = "2026-04-20T08:34:10.241Z" },
    { url = "https://files.pythonhosted.org/packages/3a/d6/2c482973211666fdf2c4365babf343a88ea30f753ef650121cebd4ad7ece/primp-1.2.3-cp310-abi3-win32.whl", hash = "sha256:c600dd83e9c978bf494aab072cd5bbfdd59b131f3afc353850c53373a86992e5", size = 3504032, upload-time = "2026-04-20T08:33:28.344Z" },
    { url = "https://files.pythonhosted.org/packages/70/89/3d2032a8f5e986fcc03bc86ac98705ce2bd35ed0e182d4949c159214da6a/primp-1.2.3-cp310-abi3-win_amd64.whl", hash = "sha256:3cbbe52a6eb51a4831d3dd35055f13b28ff5b9be2487c14ffe66922bf8028b49", size = 3872596, upload-time = "2026-04-20T08:33:46.927Z" },
    { url = "https://files.pythonhosted.org/packages/79/00/f726d54ff00213641069a66ee2fadf17f01f77a2f1ba92de229830056419/primp-1.2.3-cp310-abi3-win_arm64.whl", hash = "sha256:03c668481b2cf34552880f4b6ebabfa913fdaeb2921ce982e42c428f451b630c", size = 3875239, upload-time = "2026-04-20T08:33:32.981Z" },
    { url = "https://files.pythonhosted.org/packages/5c/e6/1fe1bcaf7566d7e6c9b39748f0d6ded857c80cf3252acf6aa3c6b7b8dbb0/primp-1.2.3-cp314-cp314t-macosx_10_12_x86_64.whl", hash = "sha256:0148fd5c0502bb88a26217b606ebb254de44a666dac52657ff97f727577bc7ce", size = 4348055, upload-time = "2026-04-20T08:33:48.193Z" },
    { url = "https://files.pythonhosted.org/packages/c0/46/cae79466969a31d885409ce716eb5a4af66f66d1121e63ee3ddd7d666b9e/primp-1.2.3-cp314-cp314t-macosx_11_0_arm64.whl", hash = "sha256:13bfc39172a083cc5520d9045a99988d7f8502458be139d6b1926de4d57e30e9", size = 4034114, upload-time = "2026-04-20T08:33:26.888Z" },
    { url = "https://files.pythonhosted.org/packages/f5/c3/e8b24ff42ef6bf71f8b4277fd6d83a139d9b9ad14b0ffb4c76a8e9225a15/primp-1.2.3-cp314-cp314t-manylinux_2_17_aarch64.manylinux2014_aarch64.whl", hash = "sha256:283e751671e78cbac9f1ff72e89225d74bcd9ea08886910160f485cd78a55f2b", size = 4303794, upload-time = "2026-04-20T08:34:04.947Z" },
    { url = "https://files.pythonhosted.org/packages/72/b4/9c59197fee68abdc53683b65b6b0e5ea6e0f098cc2527af29edd05b22ed4/primp-1.2.3-cp314-cp314t-manylinux_2_17_armv7l.manylinux2014_armv7l.whl", hash = "sha256:ec5d94244f24c61b350791112c1687c97d144f400a7ea5d8476dbd2fad6de9af", size = 3908577, upload-time = "2026-04-20T08:33:59.567Z" },
    { url = "https://files.pythonhosted.org/packages/71/b2/25c7cfcfe33f2fa82ab8cc72f4082fc12c8f803ceb2624c787fa72c73e12/primp-1.2.3-cp314-cp314t-manylinux_2_17_i686.manylinux2014_i686.whl", hash = "sha256:48d459dda86bfddce3a14b514694e0c8028f20cc461dd52e105aba400c622513", size = 4153501, upload-time = "2026-04-20T08:34:03.22Z" },
    { url = "https://files.pythonhosted.org/packages/04/9b/83e61b32b9049478f63c1956ff3244619691c3edf6e96b19254047756b36/primp-1.2.3-cp314-cp314t-manylinux_2_17_ppc64le.manylinux2014_ppc64le.whl", hash = "sha256:d0d8441f07c948a54ff21bfc4094cd2967b5fb6f8a9ef0c9562a1eb35da0127e", size = 4440289, upload-time = "2026-04-20T08:33:24.734Z" },
    { url = "https://files.pythonhosted.org/packages/d2/3f/48c351f601f204c52d5a477d7a19efcd8b7deb6478c57195fbe8bf9c3632/primp-1.2.3-cp314-cp314t-manylinux_2_17_s390x.manylinux2014_s390x.whl", hash = "sha256:728b6f63552f1bc729e0490ee69a3a9fbd39698c1578b0e6313f3779de469a8c", size = 4306848, upload-time = "2026-04-20T08:33:40.482Z" },
    { url = "https://files.pythonhosted.org/packages/ee/9a/683b2fbb8c2df3b3d2b351e86eec0a873479b95bb804e5d882939057366b/primp-1.2.3-cp314-cp314t-manylinux_2_17_x86_64.manylinux2014_x86_64.whl", hash = "sha256:9952509dcd8aa8750f4cdfc86b24cdcec96f9342a6525003bc3446ba466d5512", size = 4521679, upload-time = "2026-04-20T08:33:38.699Z" },
    { url = "https://files.pythonhosted.org/packages/80/eb/bbbbc79cf4132f2beeb0a0f99f41837dd66c158d0439f59df75a2d592d0a/primp-1.2.3-cp314-cp314t-musllinux_1_2_aarch64.whl", hash = "sha256:e74a6aa83aa65d02665ad5d0e53d7877ea8abce6f3d50ed92495f9c4c9d10e2e", size = 4469041, upload-time = "2026-04-20T08:33:51.161Z" },
    { url = "https://files.pythonhosted.org/packages/f7/5c/208fe1c6e9d3a28c6eae530378ac9c60fe8ae389f68a4707ef7986d5b133/primp-1.2.3-cp314-cp314t-musllinux_1_2_armv7l.whl", hash = "sha256:1dfc4dd5bf7e4f9a45f9c7ae1256f957cc7ca8d5344f82d335129a13e1d7ffea", size = 4144925, upload-time = "2026-04-20T08:33:35.94Z" },
    { url = "https://files.pythonhosted.org/packages/da/06/ce175b54edecf22b750da67bc095bea53f2d87d191c4461b30122c7ddd1e/primp-1.2.3-cp314-cp314t-musllinux_1_2_i686.whl", hash = "sha256:97c37df6fc7eb989f324b326e0547b23757a82f9d8b334075d4b0bd29e310723", size = 4276929, upload-time = "2026-04-20T08:33:49.521Z" },
    { url = "https://files.pythonhosted.org/packages/2e/12/a913ab53ad61fe51d44ef0f8fee6b63a897d2b9c8a4b43299d7f5decc003/primp-1.2.3-cp314-cp314t-musllinux_1_2_x86_64.whl", hash = "sha256:ead9c8b660fa0ebb193317b85d61dd1bd840a3e97e882b33b896dc9e37ed6d63", size = 4772684, upload-time = "2026-04-20T08:33:42.456Z" },
    { url = "https://files.pythonhosted.org/packages/7c/2f/2c3aafb2814703979bf5a216575f4478bcf6070bc6ec143056cf3b56c134/primp-1.2.3-cp314-cp314t-win32.whl", hash = "sha256:cb52db4d54105097773c0df4e2ef0ce7b42461d9d4d3ec28a0622ca2d22945bb", size = 3499126, upload-time = "2026-04-20T08:33:29.953Z" },
    { url = "https://files.pythonhosted.org/packages/54/f0/bad9c739a35f4cf69e2f39c01f664c9a5969e753c4cfcdc33e113cc984af/primp-1.2.3-cp314-cp314t-win_amd64.whl", hash = "sha256:d85a44585df27038e18298f7e35335c4961926e7401edd1a1bf4f7f967b3f107", size = 3870129, upload-time = "2026-04-20T08:34:11.666Z" },
    { url = "https://files.pythonhosted.org/packages/67/78/882563dc554c5f710b4e47c58978586c2528703435800a7a84e81b339d90/primp-1.2.3-cp314-cp314t-win_arm64.whl", hash = "sha256:6513dcb55e6b511c1ae383a3a0e887929b09d8d6b2c70e2b188b425c51471a02", size = 3874087, upload-time = "2026-04-20T08:33:58.109Z" },
]

[[package]]
name = "pygments"
version = "2.19.2"
source = { registry = "https://pypi.org/simple" }
sdist = { url = "https://files.pythonhosted.org/packages/b0/77/a5b8c569bf593b0140bde72ea885a803b82086995367bf2037de0159d924/pygments-2.19.2.tar.gz", hash = "sha256:636cb2477cec7f8952536970bc533bc43743542f70392ae026374600add5b887", size = 4968631, upload-time = "2025-06-21T13:39:12.283Z" }
wheels = [
    { url = "https://files.pythonhosted.org/packages/c7/21/705964c7812476f378728bdf590ca4b771ec72385c533964653c68e86bdc/pygments-2.19.2-py3-none-any.whl", hash = "sha256:86540386c03d588bb81d44bc3928634ff26449851e99741617ecb9037ee5ec0b", size = 1225217, upload-time = "2025-06-21T13:39:07.939Z" },
]

[[package]]
name = "pytest"
version = "9.0.2"
source = { registry = "https://pypi.org/simple" }
dependencies = [
    { name = "colorama", marker = "sys_platform == 'win32'" },
    { name = "iniconfig" },
    { name = "packaging" },
    { name = "pluggy" },
    { name = "pygments" },
]
sdist = { url = "https://files.pythonhosted.org/packages/d1/db/7ef3487e0fb0049ddb5ce41d3a49c235bf9ad299b6a25d5780a89f19230f/pytest-9.0.2.tar.gz", hash = "sha256:75186651a92bd89611d1d9fc20f0b4345fd827c41ccd5c299a868a05d70edf11", size = 1568901, upload-time = "2025-12-06T21:30:51.014Z" }
wheels = [
    { url = "https://files.pythonhosted.org/packages/3b/ab/b3226f0bd7cdcf710fbede2b3548584366da3b19b5021e74f5bde2a8fa3f/pytest-9.0.2-py3-none-any.whl", hash = "sha256:711ffd45bf766d5264d487b917733b453d917afd2b0ad65223959f59089f875b", size = 374801, upload-time = "2025-12-06T21:30:49.154Z" },
]

[[package]]
name = "pytest-asyncio"
version = "1.3.0"
source = { registry = "https://pypi.org/simple" }
dependencies = [
    { name = "pytest" },
]
sdist = { url = "https://files.pythonhosted.org/packages/90/2c/8af215c0f776415f3590cac4f9086ccefd6fd463befeae41cd4d3f193e5a/pytest_asyncio-1.3.0.tar.gz", hash = "sha256:d7f52f36d231b80ee124cd216ffb19369aa168fc10095013c6b014a34d3ee9e5", size = 50087, upload-time = "2025-11-10T16:07:47.256Z" }
wheels = [
    { url = "https://files.pythonhosted.org/packages/e5/35/f8b19922b6a25bc0880171a2f1a003eaeb93657475193ab516fd87cac9da/pytest_asyncio-1.3.0-py3-none-any.whl", hash = "sha256:611e26147c7f77640e6d0a92a38ed17c3e9848063698d5c93d5aa7aa11cebff5", size = 15075, upload-time = "2025-11-10T16:07:45.537Z" },
]

[[package]]
name = "python-dotenv"
version = "1.2.2"
source = { registry = "https://pypi.org/simple" }
sdist = { url = "https://files.pythonhosted.org/packages/82/ed/0301aeeac3e5353ef3d94b6ec08bbcabd04a72018415dcb29e588514bba8/python_dotenv-1.2.2.tar.gz", hash = "sha256:2c371a91fbd7ba082c2c1dc1f8bf89ca22564a087c2c287cd9b662adde799cf3", size = 50135, upload-time = "2026-03-01T16:00:26.196Z" }
wheels = [
    { url = "https://files.pythonhosted.org/packages/0b/d7/1959b9648791274998a9c3526f6d0ec8fd2233e4d4acce81bbae76b44b2a/python_dotenv-1.2.2-py3-none-any.whl", hash = "sha256:1d8214789a24de455a8b8bd8ae6fe3c6b69a5e3d64aa8a8e5d68e694bbcb285a", size = 22101, upload-time = "2026-03-01T16:00:25.09Z" },
]

[[package]]
name = "python-telegram-bot"
version = "22.6"
source = { registry = "https://pypi.org/simple" }
dependencies = [
    { name = "httpcore" },
    { name = "httpx" },
]
sdist = { url = "https://files.pythonhosted.org/packages/cd/9b/8df90c85404166a6631e857027866263adb27440d8af1dbeffbdc4f0166c/python_telegram_bot-22.6.tar.gz", hash = "sha256:50ae8cc10f8dff01445628687951020721f37956966b92a91df4c1bf2d113742", size = 1503761, upload-time = "2026-01-24T13:57:00.269Z" }
wheels = [
    { url = "https://files.pythonhosted.org/packages/13/97/7298f0e1afe3a1ae52ff4c5af5087ed4de319ea73eb3b5c8c4dd4e76e708/python_telegram_bot-22.6-py3-none-any.whl", hash = "sha256:e598fe171c3dde2dfd0f001619ee9110eece66761a677b34719fb18934935ce0", size = 737267, upload-time = "2026-01-24T13:56:58.06Z" },
]

[[package]]
name = "pyyaml"
version = "6.0.3"
source = { registry = "https://pypi.org/simple" }
sdist = { url = "https://files.pythonhosted.org/packages/05/8e/961c0007c59b8dd7729d542c61a4d537767a59645b82a0b521206e1e25c2/pyyaml-6.0.3.tar.gz", hash = "sha256:d76623373421df22fb4cf8817020cbb7ef15c725b9d5e45f17e189bfc384190f", size = 130960, upload-time = "2025-09-25T21:33:16.546Z" }
wheels = [
    { url = "https://files.pythonhosted.org/packages/9d/8c/f4bd7f6465179953d3ac9bc44ac1a8a3e6122cf8ada906b4f96c60172d43/pyyaml-6.0.3-cp314-cp314-macosx_10_13_x86_64.whl", hash = "sha256:8d1fab6bb153a416f9aeb4b8763bc0f22a5586065f86f7664fc23339fc1c1fac", size = 181814, upload-time = "2025-09-25T21:32:35.712Z" },
    { url = "https://files.pythonhosted.org/packages/bd/9c/4d95bb87eb2063d20db7b60faa3840c1b18025517ae857371c4dd55a6b3a/pyyaml-6.0.3-cp314-cp314-macosx_11_0_arm64.whl", hash = "sha256:34d5fcd24b8445fadc33f9cf348c1047101756fd760b4dacb5c3e99755703310", size = 173809, upload-time = "2025-09-25T21:32:36.789Z" },
    { url = "https://files.pythonhosted.org/packages/92/b5/47e807c2623074914e29dabd16cbbdd4bf5e9b2db9f8090fa64411fc5382/pyyaml-6.0.3-cp314-cp314-manylinux2014_aarch64.manylinux_2_17_aarch64.manylinux_2_28_aarch64.whl", hash = "sha256:501a031947e3a9025ed4405a168e6ef5ae3126c59f90ce0cd6f2bfc477be31b7", size = 766454, upload-time = "2025-09-25T21:32:37.966Z" },
    { url = "https://files.pythonhosted.org/packages/02/9e/e5e9b168be58564121efb3de6859c452fccde0ab093d8438905899a3a483/pyyaml-6.0.3-cp314-cp314-manylinux2014_s390x.manylinux_2_17_s390x.manylinux_2_28_s390x.whl", hash = "sha256:b3bc83488de33889877a0f2543ade9f70c67d66d9ebb4ac959502e12de895788", size = 836355, upload-time = "2025-09-25T21:32:39.178Z" },
    { url = "https://files.pythonhosted.org/packages/88/f9/16491d7ed2a919954993e48aa941b200f38040928474c9e85ea9e64222c3/pyyaml-6.0.3-cp314-cp314-manylinux2014_x86_64.manylinux_2_17_x86_64.manylinux_2_28_x86_64.whl", hash = "sha256:c458b6d084f9b935061bc36216e8a69a7e293a2f1e68bf956dcd9e6cbcd143f5", size = 794175, upload-time = "2025-09-25T21:32:40.865Z" },
    { url = "https://files.pythonhosted.org/packages/dd/3f/5989debef34dc6397317802b527dbbafb2b4760878a53d4166579111411e/pyyaml-6.0.3-cp314-cp314-musllinux_1_2_aarch64.whl", hash = "sha256:7c6610def4f163542a622a73fb39f534f8c101d690126992300bf3207eab9764", size = 755228, upload-time = "2025-09-25T21:32:42.084Z" },
    { url = "https://files.pythonhosted.org/packages/d7/ce/af88a49043cd2e265be63d083fc75b27b6ed062f5f9fd6cdc223ad62f03e/pyyaml-6.0.3-cp314-cp314-musllinux_1_2_x86_64.whl", hash = "sha256:5190d403f121660ce8d1d2c1bb2ef1bd05b5f68533fc5c2ea899bd15f4399b35", size = 789194, upload-time = "2025-09-25T21:32:43.362Z" },
    { url = "https://files.pythonhosted.org/packages/23/20/bb6982b26a40bb43951265ba29d4c246ef0ff59c9fdcdf0ed04e0687de4d/pyyaml-6.0.3-cp314-cp314-win_amd64.whl", hash = "sha256:4a2e8cebe2ff6ab7d1050ecd59c25d4c8bd7e6f400f5f82b96557ac0abafd0ac", size = 156429, upload-time = "2025-09-25T21:32:57.844Z" },
    { url = "https://files.pythonhosted.org/packages/f4/f4/a4541072bb9422c8a883ab55255f918fa378ecf083f5b85e87fc2b4eda1b/pyyaml-6.0.3-cp314-cp314-win_arm64.whl", hash = "sha256:93dda82c9c22deb0a405ea4dc5f2d0cda384168e466364dec6255b293923b2f3", size = 143912, upload-time = "2025-09-25T21:32:59.247Z" },
    { url = "https://files.pythonhosted.org/packages/7c/f9/07dd09ae774e4616edf6cda684ee78f97777bdd15847253637a6f052a62f/pyyaml-6.0.3-cp314-cp314t-macosx_10_13_x86_64.whl", hash = "sha256:02893d100e99e03eda1c8fd5c441d8c60103fd175728e23e431db1b589cf5ab3", size = 189108, upload-time = "2025-09-25T21:32:44.377Z" },
    { url = "https://files.pythonhosted.org/packages/4e/78/8d08c9fb7ce09ad8c38ad533c1191cf27f7ae1effe5bb9400a46d9437fcf/pyyaml-6.0.3-cp314-cp314t-macosx_11_0_arm64.whl", hash = "sha256:c1ff362665ae507275af2853520967820d9124984e0f7466736aea23d8611fba", size = 183641, upload-time = "2025-09-25T21:32:45.407Z" },
    { url = "https://files.pythonhosted.org/packages/7b/5b/3babb19104a46945cf816d047db2788bcaf8c94527a805610b0289a01c6b/pyyaml-6.0.3-cp314-cp314t-manylinux2014_aarch64.manylinux_2_17_aarch64.manylinux_2_28_aarch64.whl", hash = "sha256:6adc77889b628398debc7b65c073bcb99c4a0237b248cacaf3fe8a557563ef6c", size = 831901, upload-time = "2025-09-25T21:32:48.83Z" },
    { url = "https://files.pythonhosted.org/packages/8b/cc/dff0684d8dc44da4d22a13f35f073d558c268780ce3c6ba1b87055bb0b87/pyyaml-6.0.3-cp314-cp314t-manylinux2014_s390x.manylinux_2_17_s390x.manylinux_2_28_s390x.whl", hash = "sha256:a80cb027f6b349846a3bf6d73b5e95e782175e52f22108cfa17876aaeff93702", size = 861132, upload-time = "2025-09-25T21:32:50.149Z" },
    { url = "https://files.pythonhosted.org/packages/b1/5e/f77dc6b9036943e285ba76b49e118d9ea929885becb0a29ba8a7c75e29fe/pyyaml-6.0.3-cp314-cp314t-manylinux2014_x86_64.manylinux_2_17_x86_64.manylinux_2_28_x86_64.whl", hash = "sha256:00c4bdeba853cc34e7dd471f16b4114f4162dc03e6b7afcc2128711f0eca823c", size = 839261, upload-time = "2025-09-25T21:32:51.808Z" },
    { url = "https://files.pythonhosted.org/packages/ce/88/a9db1376aa2a228197c58b37302f284b5617f56a5d959fd1763fb1675ce6/pyyaml-6.0.3-cp314-cp314t-musllinux_1_2_aarch64.whl", hash = "sha256:66e1674c3ef6f541c35191caae2d429b967b99e02040f5ba928632d9a7f0f065", size = 805272, upload-time = "2025-09-25T21:32:52.941Z" },
    { url = "https://files.pythonhosted.org/packages/da/92/1446574745d74df0c92e6aa4a7b0b3130706a4142b2d1a5869f2eaa423c6/pyyaml-6.0.3-cp314-cp314t-musllinux_1_2_x86_64.whl", hash = "sha256:16249ee61e95f858e83976573de0f5b2893b3677ba71c9dd36b9cf8be9ac6d65", size = 829923, upload-time = "2025-09-25T21:32:54.537Z" },
    { url = "https://files.pythonhosted.org/packages/f0/7a/1c7270340330e575b92f397352af856a8c06f230aa3e76f86b39d01b416a/pyyaml-6.0.3-cp314-cp314t-win_amd64.whl", hash = "sha256:4ad1906908f2f5ae4e5a8ddfce73c320c2a1429ec52eafd27138b7f1cbe341c9", size = 174062, upload-time = "2025-09-25T21:32:55.767Z" },
    { url = "https://files.pythonhosted.org/packages/f1/12/de94a39c2ef588c7e6455cfbe7343d3b2dc9d6b6b2f40c4c6565744c873d/pyyaml-6.0.3-cp314-cp314t-win_arm64.whl", hash = "sha256:ebc55a14a21cb14062aa4162f906cd962b28e2e9ea38f9b4391244cd8de4ae0b", size = 149341, upload-time = "2025-09-25T21:32:56.828Z" },
]

[[package]]
name = "ruff"
version = "0.15.5"
source = { registry = "https://pypi.org/simple" }
sdist = { url = "https://files.pythonhosted.org/packages/77/9b/840e0039e65fcf12758adf684d2289024d6140cde9268cc59887dc55189c/ruff-0.15.5.tar.gz", hash = "sha256:7c3601d3b6d76dce18c5c824fc8d06f4eef33d6df0c21ec7799510cde0f159a2", size = 4574214, upload-time = "2026-03-05T20:06:34.946Z" }
wheels = [
    { url = "https://files.pythonhosted.org/packages/47/20/5369c3ce21588c708bcbe517a8fbe1a8dfdb5dfd5137e14790b1da71612c/ruff-0.15.5-py3-none-linux_armv6l.whl", hash = "sha256:4ae44c42281f42e3b06b988e442d344a5b9b72450ff3c892e30d11b29a96a57c", size = 10478185, upload-time = "2026-03-05T20:06:29.093Z" },
    { url = "https://files.pythonhosted.org/packages/44/ed/e81dd668547da281e5dce710cf0bc60193f8d3d43833e8241d006720e42b/ruff-0.15.5-py3-none-macosx_10_12_x86_64.whl", hash = "sha256:6edd3792d408ebcf61adabc01822da687579a1a023f297618ac27a5b51ef0080", size = 10859201, upload-time = "2026-03-05T20:06:32.632Z" },
    { url = "https://files.pythonhosted.org/packages/c4/8f/533075f00aaf19b07c5cd6aa6e5d89424b06b3b3f4583bfa9c640a079059/ruff-0.15.5-py3-none-macosx_11_0_arm64.whl", hash = "sha256:89f463f7c8205a9f8dea9d658d59eff49db05f88f89cc3047fb1a02d9f344010", size = 10184752, upload-time = "2026-03-05T20:06:40.312Z" },
    { url = "https://files.pythonhosted.org/packages/66/0e/ba49e2c3fa0395b3152bad634c7432f7edfc509c133b8f4529053ff024fb/ruff-0.15.5-py3-none-manylinux_2_17_aarch64.manylinux2014_aarch64.whl", hash = "sha256:ba786a8295c6574c1116704cf0b9e6563de3432ac888d8f83685654fe528fd65", size = 10534857, upload-time = "2026-03-05T20:06:19.581Z" },
    { url = "https://files.pythonhosted.org/packages/59/71/39234440f27a226475a0659561adb0d784b4d247dfe7f43ffc12dd02e288/ruff-0.15.5-py3-none-manylinux_2_17_armv7l.manylinux2014_armv7l.whl", hash = "sha256:fd4b801e57955fe9f02b31d20375ab3a5c4415f2e5105b79fb94cf2642c91440", size = 10309120, upload-time = "2026-03-05T20:06:00.435Z" },
    { url = "https://files.pythonhosted.org/packages/f5/87/4140aa86a93df032156982b726f4952aaec4a883bb98cb6ef73c347da253/ruff-0.15.5-py3-none-manylinux_2_17_i686.manylinux2014_i686.whl", hash = "sha256:391f7c73388f3d8c11b794dbbc2959a5b5afe66642c142a6effa90b45f6f5204", size = 11047428, upload-time = "2026-03-05T20:05:51.867Z" },
    { url = "https://files.pythonhosted.org/packages/5a/f7/4953e7e3287676f78fbe85e3a0ca414c5ca81237b7575bdadc00229ac240/ruff-0.15.5-py3-none-manylinux_2_17_ppc64le.manylinux2014_ppc64le.whl", hash = "sha256:8dc18f30302e379fe1e998548b0f5e9f4dff907f52f73ad6da419ea9c19d66c8", size = 11914251, upload-time = "2026-03-05T20:06:22.887Z" },
    { url = "https://files.pythonhosted.org/packages/77/46/0f7c865c10cf896ccf5a939c3e84e1cfaeed608ff5249584799a74d33835/ruff-0.15.5-py3-none-manylinux_2_17_s390x.manylinux2014_s390x.whl", hash = "sha256:1cc6e7f90087e2d27f98dc34ed1b3ab7c8f0d273cc5431415454e22c0bd2a681", size = 11333801, upload-time = "2026-03-05T20:05:57.168Z" },
    { url = "https://files.pythonhosted.org/packages/d3/01/a10fe54b653061585e655f5286c2662ebddb68831ed3eaebfb0eb08c0a16/ruff-0.15.5-py3-none-manylinux_2_17_x86_64.manylinux2014_x86_64.whl", hash = "sha256:c1cb7169f53c1ddb06e71a9aebd7e98fc0fea936b39afb36d8e86d36ecc2636a", size = 11206821, upload-time = "2026-03-05T20:06:03.441Z" },
    { url = "https://files.pythonhosted.org/packages/7a/0d/2132ceaf20c5e8699aa83da2706ecb5c5dcdf78b453f77edca7fb70f8a93/ruff-0.15.5-py3-none-manylinux_2_31_riscv64.whl", hash = "sha256:9b037924500a31ee17389b5c8c4d88874cc6ea8e42f12e9c61a3d754ff72f1ca", size = 11133326, upload-time = "2026-03-05T20:06:25.655Z" },
    { url = "https://files.pythonhosted.org/packages/72/cb/2e5259a7eb2a0f87c08c0fe5bf5825a1e4b90883a52685524596bfc93072/ruff-0.15.5-py3-none-musllinux_1_2_aarch64.whl", hash = "sha256:65bb414e5b4eadd95a8c1e4804f6772bbe8995889f203a01f77ddf2d790929dd", size = 10510820, upload-time = "2026-03-05T20:06:37.79Z" },
    { url = "https://files.pythonhosted.org/packages/ff/20/b67ce78f9e6c59ffbdb5b4503d0090e749b5f2d31b599b554698a80d861c/ruff-0.15.5-py3-none-musllinux_1_2_armv7l.whl", hash = "sha256:d20aa469ae3b57033519c559e9bc9cd9e782842e39be05b50e852c7c981fa01d", size = 10302395, upload-time = "2026-03-05T20:05:54.504Z" },
    { url = "https://files.pythonhosted.org/packages/5f/e5/719f1acccd31b720d477751558ed74e9c88134adcc377e5e886af89d3072/ruff-0.15.5-py3-none-musllinux_1_2_i686.whl", hash = "sha256:15388dd28c9161cdb8eda68993533acc870aa4e646a0a277aa166de9ad5a8752", size = 10754069, upload-time = "2026-03-05T20:06:06.422Z" },
    { url = "https://files.pythonhosted.org/packages/c3/9c/d1db14469e32d98f3ca27079dbd30b7b44dbb5317d06ab36718dee3baf03/ruff-0.15.5-py3-none-musllinux_1_2_x86_64.whl", hash = "sha256:b30da330cbd03bed0c21420b6b953158f60c74c54c5f4c1dabbdf3a57bf355d2", size = 11304315, upload-time = "2026-03-05T20:06:10.867Z" },
    { url = "https://files.pythonhosted.org/packages/28/3a/950367aee7c69027f4f422059227b290ed780366b6aecee5de5039d50fa8/ruff-0.15.5-py3-none-win32.whl", hash = "sha256:732e5ee1f98ba5b3679029989a06ca39a950cced52143a0ea82a2102cb592b74", size = 10551676, upload-time = "2026-03-05T20:06:13.705Z" },
    { url = "https://files.pythonhosted.org/packages/b8/00/bf077a505b4e649bdd3c47ff8ec967735ce2544c8e4a43aba42ee9bf935d/ruff-0.15.5-py3-none-win_amd64.whl", hash = "sha256:821d41c5fa9e19117616c35eaa3f4b75046ec76c65e7ae20a333e9a8696bc7fe", size = 11678972, upload-time = "2026-03-05T20:06:45.379Z" },
    { url = "https://files.pythonhosted.org/packages/fe/4e/cd76eca6db6115604b7626668e891c9dd03330384082e33662fb0f113614/ruff-0.15.5-py3-none-win_arm64.whl", hash = "sha256:b498d1c60d2fe5c10c45ec3f698901065772730b411f164ae270bb6bfcc4740b", size = 10965572, upload-time = "2026-03-05T20:06:16.984Z" },
]
